
Microsoft Visual Studio Solution File, Format Version 12.00
# Visual Studio Version 17
VisualStudioVersion = 17.0.31903.59
MinimumVisualStudioVersion = 10.0.40219.1
Project("{FAE04EC0-301F-11D3-BF4B-00C04F79EFBC}") = "PortableTextSearch", "PortableTextSearch\PortableTextSearch.csproj", "{D46A1A70-A188-43FE-8390-BFA1D9EFFD0F}"
EndProject
Project("{FAE04EC0-301F-11D3-BF4B-00C04F79EFBC}") = "PortableTextSearch.Tests", "PortableTextSearch.Tests\PortableTextSearch.Tests.csproj", "{D1BDD9DD-9CB7-4384-8578-5D34518FF910}"
EndProject
Project("{FAE04EC0-301F-11D3-BF4B-00C04F79EFBC}") = "PortableTextSearch.Sandbox", "PortableTextSearch.Sandbox\PortableTextSearch.Sandbox.csproj", "{5EFC4E0F-A69E-4B71-A8A6-47A1EBF3A1B5}"
EndProject
Global
	GlobalSection(SolutionConfigurationPlatforms) = preSolution
		Debug|Any CPU = Debug|Any CPU
		Release|Any CPU = Release|Any CPU
	EndGlobalSection
	GlobalSection(SolutionProperties) = preSolution
		HideSolutionNode = FALSE
	EndGlobalSection
	GlobalSection(ProjectConfigurationPlatforms) = postSolution
		{D46A1A70-A188-43FE-8390-BFA1D9EFFD0F}.Debug|Any CPU.ActiveCfg = Debug|Any CPU
		{D46A1A70-A188-43FE-8390-BFA1D9EFFD0F}.Debug|Any CPU.Build.0 = Debug|Any CPU
		{D46A1A70-A188-43FE-8390-BFA1D9EFFD0F}.Release|Any CPU.ActiveCfg = Release|Any CPU
		{D46A1A70-A188-43FE-8390-BFA1D9EFFD0F}.Release|Any CPU.Build.0 = Release|Any CPU
		{D1BDD9DD-9CB7-4384-8578-5D34518FF910}.Debug|Any CPU.ActiveCfg = Debug|Any CPU
		{D1BDD9DD-9CB7-4384-8578-5D34518FF910}.Debug|Any CPU.Build.0 = Debug|Any CPU
		{D1BDD9DD-9CB7-4384-8578-5D34518FF910}.Release|Any CPU.ActiveCfg = Release|Any CPU
		{D1BDD9DD-9CB7-4384-8578-5D34518FF910}.Release|Any CPU.Build.0 = Release|Any CPU
		{5EFC4E0F-A69E-4B71-A8A6-47A1EBF3A1B5}.Debug|Any CPU.ActiveCfg = Debug|Any CPU
		{5EFC4E0F-A69E-4B71-A8A6-47A1EBF3A1B5}.Debug|Any CPU.Build.0 = Debug|Any CPU
		{5EFC4E0F-A69E-4B71-A8A6-47A1EBF3A1B5}.Release|Any CPU.ActiveCfg = Release|Any CPU
		{5EFC4E0F-A69E-4B71-A8A6-47A1EBF3A1B5}.Release|Any CPU.Build.0 = Release|Any CPU
	EndGlobalSection
EndGlobal
